
Microsoft Visual Studio Solution File, Format Version 12.00
# Visual Studio Version 17
VisualStudioVersion = 17.0.32126.317
MinimumVisualStudioVersion = 10.0.40219.1
Project("{FAE04EC0-301F-11D3-BF4B-00C04F79EFBC}") = "WPF", "WPF\WPF.csproj", "{BB4127A9-6C37-4B44-A06B-03EDC9BC6B80}"
EndProject
Global
	GlobalSection(SolutionConfigurationPlatforms) = preSolution
		Debug|Any CPU = Debug|Any CPU
		Release|Any CPU = Release|Any CPU
	EndGlobalSection
	GlobalSection(ProjectConfigurationPlatforms) = postSolution
		{BB4127A9-6C37-4B44-A06B-03EDC9BC6B80}.Debug|Any CPU.ActiveCfg = Debug|Any CPU
		{BB4127A9-6C37-4B44-A06B-03EDC9BC6B80}.Debug|Any CPU.Build.0 = Debug|Any CPU
		{BB4127A9-6C37-4B44-A06B-03EDC9BC6B80}.Release|Any CPU.ActiveCfg = Release|Any CPU
		{BB4127A9-6C37-4B44-A06B-03EDC9BC6B80}.Release|Any CPU.Build.0 = Release|Any CPU
	EndGlobalSection
	GlobalSection(SolutionProperties) = preSolution
		HideSolutionNode = FALSE
	EndGlobalSection
	GlobalSection(ExtensibilityGlobals) = postSolution
		SolutionGuid = {CEE41508-35F8-4DAF-848A-3A388384EC99}
	EndGlobalSection
EndGlobal
