
Microsoft Visual Studio Solution File, Format Version 12.00
# Visual Studio Version 17
VisualStudioVersion = 17.0.32126.317
MinimumVisualStudioVersion = 10.0.40219.1
Project("{FAE04EC0-301F-11D3-BF4B-00C04F79EFBC}") = "ConsolaEntityFramework", "ConsolaEntityFramework\ConsolaEntityFramework.csproj", "{A18A7000-4DA6-4DD1-AA2E-8DD5A6BD3F02}"
EndProject
Project("{FAE04EC0-301F-11D3-BF4B-00C04F79EFBC}") = "Entidades", "Entidades\Entidades.csproj", "{F527380C-67BA-44EA-8855-DB0D48295D6F}"
EndProject
Global
	GlobalSection(SolutionConfigurationPlatforms) = preSolution
		Debug|Any CPU = Debug|Any CPU
		Release|Any CPU = Release|Any CPU
	EndGlobalSection
	GlobalSection(ProjectConfigurationPlatforms) = postSolution
		{A18A7000-4DA6-4DD1-AA2E-8DD5A6BD3F02}.Debug|Any CPU.ActiveCfg = Debug|Any CPU
		{A18A7000-4DA6-4DD1-AA2E-8DD5A6BD3F02}.Debug|Any CPU.Build.0 = Debug|Any CPU
		{A18A7000-4DA6-4DD1-AA2E-8DD5A6BD3F02}.Release|Any CPU.ActiveCfg = Release|Any CPU
		{A18A7000-4DA6-4DD1-AA2E-8DD5A6BD3F02}.Release|Any CPU.Build.0 = Release|Any CPU
		{F527380C-67BA-44EA-8855-DB0D48295D6F}.Debug|Any CPU.ActiveCfg = Debug|Any CPU
		{F527380C-67BA-44EA-8855-DB0D48295D6F}.Debug|Any CPU.Build.0 = Debug|Any CPU
		{F527380C-67BA-44EA-8855-DB0D48295D6F}.Release|Any CPU.ActiveCfg = Release|Any CPU
		{F527380C-67BA-44EA-8855-DB0D48295D6F}.Release|Any CPU.Build.0 = Release|Any CPU
	EndGlobalSection
	GlobalSection(SolutionProperties) = preSolution
		HideSolutionNode = FALSE
	EndGlobalSection
	GlobalSection(ExtensibilityGlobals) = postSolution
		SolutionGuid = {15AF8BB0-013B-4145-8116-21F0BE931256}
	EndGlobalSection
EndGlobal
