
Microsoft Visual Studio Solution File, Format Version 12.00
# Visual Studio Version 17
VisualStudioVersion = 17.0.32126.317
MinimumVisualStudioVersion = 10.0.40219.1
Project("{FAE04EC0-301F-11D3-BF4B-00C04F79EFBC}") = "E1WPF", "E1WPF\E1WPF.csproj", "{4AC9E8DB-E5F5-452A-AC66-6C5EE2FDEE71}"
EndProject
Global
	GlobalSection(SolutionConfigurationPlatforms) = preSolution
		Debug|Any CPU = Debug|Any CPU
		Release|Any CPU = Release|Any CPU
	EndGlobalSection
	GlobalSection(ProjectConfigurationPlatforms) = postSolution
		{4AC9E8DB-E5F5-452A-AC66-6C5EE2FDEE71}.Debug|Any CPU.ActiveCfg = Debug|Any CPU
		{4AC9E8DB-E5F5-452A-AC66-6C5EE2FDEE71}.Debug|Any CPU.Build.0 = Debug|Any CPU
		{4AC9E8DB-E5F5-452A-AC66-6C5EE2FDEE71}.Release|Any CPU.ActiveCfg = Release|Any CPU
		{4AC9E8DB-E5F5-452A-AC66-6C5EE2FDEE71}.Release|Any CPU.Build.0 = Release|Any CPU
	EndGlobalSection
	GlobalSection(SolutionProperties) = preSolution
		HideSolutionNode = FALSE
	EndGlobalSection
	GlobalSection(ExtensibilityGlobals) = postSolution
		SolutionGuid = {68868143-DFE5-43A4-B823-B8FAFA6F3155}
	EndGlobalSection
EndGlobal
