
Microsoft Visual Studio Solution File, Format Version 12.00
# Visual Studio Version 17
VisualStudioVersion = 17.0.32126.317
MinimumVisualStudioVersion = 10.0.40219.1
Project("{FAE04EC0-301F-11D3-BF4B-00C04F79EFBC}") = "PrimerAPI", "PrimerAPI\PrimerAPI.csproj", "{52A122C3-C8CA-4394-8591-B3FF2EDA5916}"
EndProject
Global
	GlobalSection(SolutionConfigurationPlatforms) = preSolution
		Debug|Any CPU = Debug|Any CPU
		Release|Any CPU = Release|Any CPU
	EndGlobalSection
	GlobalSection(ProjectConfigurationPlatforms) = postSolution
		{52A122C3-C8CA-4394-8591-B3FF2EDA5916}.Debug|Any CPU.ActiveCfg = Debug|Any CPU
		{52A122C3-C8CA-4394-8591-B3FF2EDA5916}.Debug|Any CPU.Build.0 = Debug|Any CPU
		{52A122C3-C8CA-4394-8591-B3FF2EDA5916}.Release|Any CPU.ActiveCfg = Release|Any CPU
		{52A122C3-C8CA-4394-8591-B3FF2EDA5916}.Release|Any CPU.Build.0 = Release|Any CPU
	EndGlobalSection
	GlobalSection(SolutionProperties) = preSolution
		HideSolutionNode = FALSE
	EndGlobalSection
	GlobalSection(ExtensibilityGlobals) = postSolution
		SolutionGuid = {1753D93A-677C-479A-8FD7-329985E8BF0D}
	EndGlobalSection
EndGlobal
